
Microsoft Visual Studio Solution File, Format Version 12.00
# Visual Studio Version 16
VisualStudioVersion = 16.0.31005.135
MinimumVisualStudioVersion = 10.0.40219.1
Project("{9A19103F-16F7-4668-BE54-9A1E7A4F7556}") = "backend", "backend\backend.csproj", "{7DCC4966-FAFF-44D7-BA5B-DAC368EE0EEE}"
EndProject
Project("{9A19103F-16F7-4668-BE54-9A1E7A4F7556}") = "backend.background.tasks", "backend.background.tasks\backend.background.tasks.csproj", "{FA0AA5FE-2080-47B4-8CBE-A2DF2BD7F05A}"
EndProject
Project("{FAE04EC0-301F-11D3-BF4B-00C04F79EFBC}") = "ClassLibrary1", "ClassLibrary1\ClassLibrary1.csproj", "{FD984665-2E31-4FBB-B2DC-3D7F3E457F30}"
EndProject
Global
	GlobalSection(SolutionConfigurationPlatforms) = preSolution
		Debug|Any CPU = Debug|Any CPU
		Release|Any CPU = Release|Any CPU
	EndGlobalSection
	GlobalSection(ProjectConfigurationPlatforms) = postSolution
		{7DCC4966-FAFF-44D7-BA5B-DAC368EE0EEE}.Debug|Any CPU.ActiveCfg = Debug|Any CPU
		{7DCC4966-FAFF-44D7-BA5B-DAC368EE0EEE}.Debug|Any CPU.Build.0 = Debug|Any CPU
		{7DCC4966-FAFF-44D7-BA5B-DAC368EE0EEE}.Release|Any CPU.ActiveCfg = Release|Any CPU
		{7DCC4966-FAFF-44D7-BA5B-DAC368EE0EEE}.Release|Any CPU.Build.0 = Release|Any CPU
		{FA0AA5FE-2080-47B4-8CBE-A2DF2BD7F05A}.Debug|Any CPU.ActiveCfg = Debug|Any CPU
		{FA0AA5FE-2080-47B4-8CBE-A2DF2BD7F05A}.Debug|Any CPU.Build.0 = Debug|Any CPU
		{FA0AA5FE-2080-47B4-8CBE-A2DF2BD7F05A}.Release|Any CPU.ActiveCfg = Release|Any CPU
		{FA0AA5FE-2080-47B4-8CBE-A2DF2BD7F05A}.Release|Any CPU.Build.0 = Release|Any CPU
		{FD984665-2E31-4FBB-B2DC-3D7F3E457F30}.Debug|Any CPU.ActiveCfg = Debug|Any CPU
		{FD984665-2E31-4FBB-B2DC-3D7F3E457F30}.Debug|Any CPU.Build.0 = Debug|Any CPU
		{FD984665-2E31-4FBB-B2DC-3D7F3E457F30}.Release|Any CPU.ActiveCfg = Release|Any CPU
		{FD984665-2E31-4FBB-B2DC-3D7F3E457F30}.Release|Any CPU.Build.0 = Release|Any CPU
	EndGlobalSection
	GlobalSection(SolutionProperties) = preSolution
		HideSolutionNode = FALSE
	EndGlobalSection
	GlobalSection(ExtensibilityGlobals) = postSolution
		SolutionGuid = {5881D986-0384-449E-B9C8-4E7AC4F170D9}
	EndGlobalSection
EndGlobal
